schema: '2.0'
stages:
  process_data:
    cmd: python process_data.py
    deps:
    - path: data_raw.csv
      hash: md5
      md5: a6aec8da63a5fa2619af025a76746f29
      size: 68762
    - path: process_data.py
      hash: md5
      md5: 79b357c12f171f3d07c76780815b651c
      size: 900
    outs:
    - path: data_processed.csv
      hash: md5
      md5: 03269b6c0a766dc80e090326008765b3
      size: 24227
  train:
    cmd: python train.py
    deps:
    - path: data_processed.csv
      hash: md5
      md5: 03269b6c0a766dc80e090326008765b3
      size: 24227
    - path: train.py
      hash: md5
      md5: 80ad33d8caf823fc1d5cdefcb5b9490a
      size: 1471
    outs:
    - path: by_region.png
      hash: md5
      md5: 44207fe67834dbe7e5d490b6a299981a
      size: 7900
    - path: metrics.json
      hash: md5
      md5: f4844c28505568f336c5f91db3f1beb3
      size: 89
